// !$*UTF8*$!
{
	archiveVersion = 1;
	classes = {
	};
	objectVersion = 46;
	objects = {

/* Begin PBXBuildFile section */
		7355C6481DCB14CF00A5C990 /* AppDelegate.swift in Sources */ = {isa = PBXBuildFile; fileRef = 7355C6471DCB14CF00A5C990 /* AppDelegate.swift */; };
		7355C64A1DCB14CF00A5C990 /* ViewController.swift in Sources */ = {isa = PBXBuildFile; fileRef = 7355C6491DCB14CF00A5C990 /* ViewController.swift */; };
		7355C64D1DCB14CF00A5C990 /* Main.storyboard in Resources */ = {isa = PBXBuildFile; fileRef = 7355C64B1DCB14CF00A5C990 /* Main.storyboard */; };
		7355C64F1DCB14CF00A5C990 /* Assets.xcassets in Resources */ = {isa = PBXBuildFile; fileRef = 7355C64E1DCB14CF00A5C990 /* Assets.xcassets */; };
		7355C6521DCB14CF00A5C990 /* LaunchScreen.storyboard in Resources */ = {isa = PBXBuildFile; fileRef = 7355C6501DCB14CF00A5C990 /* LaunchScreen.storyboard */; };
		D49255561E74593D00A3C85D /* Constant.swift in Sources */ = {isa = PBXBuildFile; fileRef = D49255551E74593D00A3C85D /* Constant.swift */; };
		D49B85971E73FF8B0064B679 /* DSDLocationHandler.swift in Sources */ = {isa = PBXBuildFile; fileRef = D49B85961E73FF8B0064B679 /* DSDLocationHandler.swift */; };
		D49B85991E7400870064B679 /* CoreLocation.framework in Frameworks */ = {isa = PBXBuildFile; fileRef = D49B85981E7400870064B679 /* CoreLocation.framework */; };
		D49B859B1E740DC50064B679 /* Utility.swift in Sources */ = {isa = PBXBuildFile; fileRef = D49B859A1E740DC50064B679 /* Utility.swift */; };
		EF4BE0C8264B5074CC063B5E /* Pods_Aware.framework in Frameworks */ = {isa = PBXBuildFile; fileRef = 8F247554E35B08CA181729F7 /* Pods_Aware.framework */; };
/* End PBXBuildFile section */

/* Begin PBXFileReference section */
		7355C6441DCB14CF00A5C990 /* Aware.app */ = {isa = PBXFileReference; explicitFileType = wrapper.application; includeInIndex = 0; path = Aware.app; sourceTree = BUILT_PRODUCTS_DIR; };
		7355C6471DCB14CF00A5C990 /* AppDelegate.swift */ = {isa = PBXFileReference; lastKnownFileType = sourcecode.swift; path = AppDelegate.swift; sourceTree = "<group>"; };
		7355C6491DCB14CF00A5C990 /* ViewController.swift */ = {isa = PBXFileReference; lastKnownFileType = sourcecode.swift; path = ViewController.swift; sourceTree = "<group>"; };
		7355C64C1DCB14CF00A5C990 /* Base */ = {isa = PBXFileReference; lastKnownFileType = file.storyboard; name = Base; path = Base.lproj/Main.storyboard; sourceTree = "<group>"; };
		7355C64E1DCB14CF00A5C990 /* Assets.xcassets */ = {isa = PBXFileReference; lastKnownFileType = folder.assetcatalog; path = Assets.xcassets; sourceTree = "<group>"; };
		7355C6511DCB14CF00A5C990 /* Base */ = {isa = PBXFileReference; lastKnownFileType = file.storyboard; name = Base; path = Base.lproj/LaunchScreen.storyboard; sourceTree = "<group>"; };
		7355C6531DCB14CF00A5C990 /* Info.plist */ = {isa = PBXFileReference; lastKnownFileType = text.plist.xml; path = Info.plist; sourceTree = "<group>"; };
		8F247554E35B08CA181729F7 /* Pods_Aware.framework */ = {isa = PBXFileReference; explicitFileType = wrapper.framework; includeInIndex = 0; path = Pods_Aware.framework; sourceTree = BUILT_PRODUCTS_DIR; };
		99B894386D350C566FBF7A34 /* Pods-Aware.debug.xcconfig */ = {isa = PBXFileReference; includeInIndex = 1; lastKnownFileType = text.xcconfig; name = "Pods-Aware.debug.xcconfig"; path = "Pods/Target Support Files/Pods-Aware/Pods-Aware.debug.xcconfig"; sourceTree = "<group>"; };
		D49255551E74593D00A3C85D /* Constant.swift */ = {isa = PBXFileReference; fileEncoding = 4; lastKnownFileType = sourcecode.swift; path = Constant.swift; sourceTree = "<group>"; };
		D49B85961E73FF8B0064B679 /* DSDLocationHandler.swift */ = {isa = PBXFileReference; fileEncoding = 4; lastKnownFileType = sourcecode.swift; path = DSDLocationHandler.swift; sourceTree = "<group>"; };
		D49B85981E7400870064B679 /* CoreLocation.framework */ = {isa = PBXFileReference; lastKnownFileType = wrapper.framework; name = CoreLocation.framework; path = System/Library/Frameworks/CoreLocation.framework; sourceTree = SDKROOT; };
		D49B859A1E740DC50064B679 /* Utility.swift */ = {isa = PBXFileReference; fileEncoding = 4; lastKnownFileType = sourcecode.swift; path = Utility.swift; sourceTree = "<group>"; };
		DE6B22E993FBB318B864801B /* Pods-Aware.release.xcconfig */ = {isa = PBXFileReference; includeInIndex = 1; lastKnownFileType = text.xcconfig; name = "Pods-Aware.release.xcconfig"; path = "Pods/Target Support Files/Pods-Aware/Pods-Aware.release.xcconfig"; sourceTree = "<group>"; };
/* End PBXFileReference section */

/* Begin PBXFrameworksBuildPhase section */
		7355C6411DCB14CE00A5C990 /* Frameworks */ = {
			isa = PBXFrameworksBuildPhase;
			buildActionMask = 2147483647;
			files = (
				D49B85991E7400870064B679 /* CoreLocation.framework in Frameworks */,
				EF4BE0C8264B5074CC063B5E /* Pods_Aware.framework in Frameworks */,
			);
			runOnlyForDeploymentPostprocessing = 0;
		};
/* End PBXFrameworksBuildPhase section */

/* Begin PBXGroup section */
		7355C63B1DCB14CE00A5C990 = {
			isa = PBXGroup;
			children = (
				7355C6461DCB14CF00A5C990 /* Aware */,
				7355C6451DCB14CF00A5C990 /* Products */,
				C3D6A86C96656BCFEB7A55E2 /* Pods */,
				8CBACA324E219FAC257B0141 /* Frameworks */,
			);
			sourceTree = "<group>";
		};
		7355C6451DCB14CF00A5C990 /* Products */ = {
			isa = PBXGroup;
			children = (
				7355C6441DCB14CF00A5C990 /* Aware.app */,
			);
			name = Products;
			sourceTree = "<group>";
		};
		7355C6461DCB14CF00A5C990 /* Aware */ = {
			isa = PBXGroup;
			children = (
				D49B85941E73FF8B0064B679 /* Utility */,
				7355C6471DCB14CF00A5C990 /* AppDelegate.swift */,
				7355C6491DCB14CF00A5C990 /* ViewController.swift */,
				7355C64B1DCB14CF00A5C990 /* Main.storyboard */,
				7355C64E1DCB14CF00A5C990 /* Assets.xcassets */,
				7355C6501DCB14CF00A5C990 /* LaunchScreen.storyboard */,
				7355C6531DCB14CF00A5C990 /* Info.plist */,
			);
			path = Aware;
			sourceTree = "<group>";
		};
		8CBACA324E219FAC257B0141 /* Frameworks */ = {
			isa = PBXGroup;
			children = (
				D49B85981E7400870064B679 /* CoreLocation.framework */,
				8F247554E35B08CA181729F7 /* Pods_Aware.framework */,
			);
			name = Frameworks;
			sourceTree = "<group>";
		};
		C3D6A86C96656BCFEB7A55E2 /* Pods */ = {
			isa = PBXGroup;
			children = (
				99B894386D350C566FBF7A34 /* Pods-Aware.debug.xcconfig */,
				DE6B22E993FBB318B864801B /* Pods-Aware.release.xcconfig */,
			);
			name = Pods;
			sourceTree = "<group>";
		};
		D49B85941E73FF8B0064B679 /* Utility */ = {
			isa = PBXGroup;
			children = (
				D49B859A1E740DC50064B679 /* Utility.swift */,
				D49B85951E73FF8B0064B679 /* Location Handler */,
				D49255551E74593D00A3C85D /* Constant.swift */,
			);
			path = Utility;
			sourceTree = "<group>";
		};
		D49B85951E73FF8B0064B679 /* Location Handler */ = {
			isa = PBXGroup;
			children = (
				D49B85961E73FF8B0064B679 /* DSDLocationHandler.swift */,
			);
			path = "Location Handler";
			sourceTree = "<group>";
		};
/* End PBXGroup section */

/* Begin PBXNativeTarget section */
		7355C6431DCB14CE00A5C990 /* Aware */ = {
			isa = PBXNativeTarget;
			buildConfigurationList = 7355C6561DCB14CF00A5C990 /* Build configuration list for PBXNativeTarget "Aware" */;
			buildPhases = (
				A5FA05AD5DA76EF949F6DB2E /* [CP] Check Pods Manifest.lock */,
				7355C6401DCB14CE00A5C990 /* Sources */,
				7355C6411DCB14CE00A5C990 /* Frameworks */,
				7355C6421DCB14CE00A5C990 /* Resources */,
				5953DAE51DEFF53D7AAA82CF /* [CP] Embed Pods Frameworks */,
				FD6E50286FA4C920308CDD8E /* [CP] Copy Pods Resources */,
			);
			buildRules = (
			);
			dependencies = (
			);
			name = Aware;
			productName = Aware;
			productReference = 7355C6441DCB14CF00A5C990 /* Aware.app */;
			productType = "com.apple.product-type.application";
		};
/* End PBXNativeTarget section */

/* Begin PBXProject section */
		7355C63C1DCB14CE00A5C990 /* Project object */ = {
			isa = PBXProject;
			attributes = {
				LastSwiftUpdateCheck = 0800;
				LastUpgradeCheck = 0820;
				ORGANIZATIONNAME = "Pardeep Chaudhary";
				TargetAttributes = {
					7355C6431DCB14CE00A5C990 = {
						CreatedOnToolsVersion = 8.0;
						DevelopmentTeam = 6R94A6AQFR;
						ProvisioningStyle = Manual;
					};
				};
			};
			buildConfigurationList = 7355C63F1DCB14CE00A5C990 /* Build configuration list for PBXProject "Aware" */;
			compatibilityVersion = "Xcode 3.2";
			developmentRegion = English;
			hasScannedForEncodings = 0;
			knownRegions = (
				en,
				Base,
			);
			mainGroup = 7355C63B1DCB14CE00A5C990;
			productRefGroup = 7355C6451DCB14CF00A5C990 /* Products */;
			projectDirPath = "";
			projectRoot = "";
			targets = (
				7355C6431DCB14CE00A5C990 /* Aware */,
			);
		};
/* End PBXProject section */

/* Begin PBXResourcesBuildPhase section */
		7355C6421DCB14CE00A5C990 /* Resources */ = {
			isa = PBXResourcesBuildPhase;
			buildActionMask = 2147483647;
			files = (
				7355C6521DCB14CF00A5C990 /* LaunchScreen.storyboard in Resources */,
				7355C64F1DCB14CF00A5C990 /* Assets.xcassets in Resources */,
				7355C64D1DCB14CF00A5C990 /* Main.storyboard in Resources */,
			);
			runOnlyForDeploymentPostprocessing = 0;
		};
/* End PBXResourcesBuildPhase section */

/* Begin PBXShellScriptBuildPhase section */
		5953DAE51DEFF53D7AAA82CF /* [CP] Embed Pods Frameworks */ = {
			isa = PBXShellScriptBuildPhase;
			buildActionMask = 2147483647;
			files = (
			);
			inputPaths = (
			);
			name = "[CP] Embed Pods Frameworks";
			outputPaths = (
			);
			runOnlyForDeploymentPostprocessing = 0;
			shellPath = /bin/sh;
			shellScript = "\"${SRCROOT}/Pods/Target Support Files/Pods-Aware/Pods-Aware-frameworks.sh\"\n";
			showEnvVarsInLog = 0;
		};
		A5FA05AD5DA76EF949F6DB2E /* [CP] Check Pods Manifest.lock */ = {
			isa = PBXShellScriptBuildPhase;
			buildActionMask = 2147483647;
			files = (
			);
			inputPaths = (
			);
			name = "[CP] Check Pods Manifest.lock";
			outputPaths = (
			);
			runOnlyForDeploymentPostprocessing = 0;
			shellPath = /bin/sh;
			shellScript = "diff \"${PODS_ROOT}/../Podfile.lock\" \"${PODS_ROOT}/Manifest.lock\" > /dev/null\nif [ $? != 0 ] ; then\n    # print error to STDERR\n    echo \"error: The sandbox is not in sync with the Podfile.lock. Run 'pod install' or update your CocoaPods installation.\" >&2\n    exit 1\nfi\n";
			showEnvVarsInLog = 0;
		};
		FD6E50286FA4C920308CDD8E /* [CP] Copy Pods Resources */ = {
			isa = PBXShellScriptBuildPhase;
			buildActionMask = 2147483647;
			files = (
			);
			inputPaths = (
			);
			name = "[CP] Copy Pods Resources";
			outputPaths = (
			);
			runOnlyForDeploymentPostprocessing = 0;
			shellPath = /bin/sh;
			shellScript = "\"${SRCROOT}/Pods/Target Support Files/Pods-Aware/Pods-Aware-resources.sh\"\n";
			showEnvVarsInLog = 0;
		};
/* End PBXShellScriptBuildPhase section */

/* Begin PBXSourcesBuildPhase section */
		7355C6401DCB14CE00A5C990 /* Sources */ = {
			isa = PBXSourcesBuildPhase;
			buildActionMask = 2147483647;
			files = (
				D49B859B1E740DC50064B679 /* Utility.swift in Sources */,
				7355C64A1DCB14CF00A5C990 /* ViewController.swift in Sources */,
				D49255561E74593D00A3C85D /* Constant.swift in Sources */,
				D49B85971E73FF8B0064B679 /* DSDLocationHandler.swift in Sources */,
				7355C6481DCB14CF00A5C990 /* AppDelegate.swift in Sources */,
			);
			runOnlyForDeploymentPostprocessing = 0;
		};
/* End PBXSourcesBuildPhase section */

/* Begin PBXVariantGroup section */
		7355C64B1DCB14CF00A5C990 /* Main.storyboard */ = {
			isa = PBXVariantGroup;
			children = (
				7355C64C1DCB14CF00A5C990 /* Base */,
			);
			name = Main.storyboard;
			sourceTree = "<group>";
		};
		7355C6501DCB14CF00A5C990 /* LaunchScreen.storyboard */ = {
			isa = PBXVariantGroup;
			children = (
				7355C6511DCB14CF00A5C990 /* Base */,
			);
			name = LaunchScreen.storyboard;
			sourceTree = "<group>";
		};
/* End PBXVariantGroup section */

/* Begin XCBuildConfiguration section */
		7355C6541DCB14CF00A5C990 /* Debug */ = {
			isa = XCBuildConfiguration;
			buildSettings = {
				ALWAYS_SEARCH_USER_PATHS = NO;
				CLANG_ANALYZER_NONNULL = YES;
				CLANG_CXX_LANGUAGE_STANDARD = "gnu++0x";
				CLANG_CXX_LIBRARY = "libc++";
				CLANG_ENABLE_MODULES = YES;
				CLANG_ENABLE_OBJC_ARC = YES;
				CLANG_WARN_BOOL_CONVERSION = YES;
				CLANG_WARN_CONSTANT_CONVERSION = YES;
				CLANG_WARN_DIRECT_OBJC_ISA_USAGE = YES_ERROR;
				CLANG_WARN_DOCUMENTATION_COMMENTS = YES;
				CLANG_WARN_EMPTY_BODY = YES;
				CLANG_WARN_ENUM_CONVERSION = YES;
				CLANG_WARN_INFINITE_RECURSION = YES;
				CLANG_WARN_INT_CONVERSION = YES;
				CLANG_WARN_OBJC_ROOT_CLASS = YES_ERROR;
				CLANG_WARN_SUSPICIOUS_MOVE = YES;
				CLANG_WARN_SUSPICIOUS_MOVES = YES;
				CLANG_WARN_UNREACHABLE_CODE = YES;
				CLANG_WARN__DUPLICATE_METHOD_MATCH = YES;
				"CODE_SIGN_IDENTITY[sdk=iphoneos*]" = "iPhone Developer";
				COPY_PHASE_STRIP = NO;
				DEBUG_INFORMATION_FORMAT = dwarf;
				ENABLE_STRICT_OBJC_MSGSEND = YES;
				ENABLE_TESTABILITY = YES;
				GCC_C_LANGUAGE_STANDARD = gnu99;
				GCC_DYNAMIC_NO_PIC = NO;
				GCC_NO_COMMON_BLOCKS = YES;
				GCC_OPTIMIZATION_LEVEL = 0;
				GCC_PREPROCESSOR_DEFINITIONS = (
					"DEBUG=1",
					"$(inherited)",
				);
				GCC_WARN_64_TO_32_BIT_CONVERSION = YES;
				GCC_WARN_ABOUT_RETURN_TYPE = YES_ERROR;
				GCC_WARN_UNDECLARED_SELECTOR = YES;
				GCC_WARN_UNINITIALIZED_AUTOS = YES_AGGRESSIVE;
				GCC_WARN_UNUSED_FUNCTION = YES;
				GCC_WARN_UNUSED_VARIABLE = YES;
				IPHONEOS_DEPLOYMENT_TARGET = 10.0;
				MTL_ENABLE_DEBUG_INFO = YES;
				ONLY_ACTIVE_ARCH = YES;
				SDKROOT = iphoneos;
				SWIFT_ACTIVE_COMPILATION_CONDITIONS = DEBUG;
				SWIFT_OPTIMIZATION_LEVEL = "-Onone";
			};
			name = Debug;
		};
		7355C6551DCB14CF00A5C990 /* Release */ = {
			isa = XCBuildConfiguration;
			buildSettings = {
				ALWAYS_SEARCH_USER_PATHS = NO;
				CLANG_ANALYZER_NONNULL = YES;
				CLANG_CXX_LANGUAGE_STANDARD = "gnu++0x";
				CLANG_CXX_LIBRARY = "libc++";
				CLANG_ENABLE_MODULES = YES;
				CLANG_ENABLE_OBJC_ARC = YES;
				CLANG_WARN_BOOL_CONVERSION = YES;
				CLANG_WARN_CONSTANT_CONVERSION = YES;
				CLANG_WARN_DIRECT_OBJC_ISA_USAGE = YES_ERROR;
				CLANG_WARN_DOCUMENTATION_COMMENTS = YES;
				CLANG_WARN_EMPTY_BODY = YES;
				CLANG_WARN_ENUM_CONVERSION = YES;
				CLANG_WARN_INFINITE_RECURSION = YES;
				CLANG_WARN_INT_CONVERSION = YES;
				CLANG_WARN_OBJC_ROOT_CLASS = YES_ERROR;
				CLANG_WARN_SUSPICIOUS_MOVE = YES;
				CLANG_WARN_SUSPICIOUS_MOVES = YES;
				CLANG_WARN_UNREACHABLE_CODE = YES;
				CLANG_WARN__DUPLICATE_METHOD_MATCH = YES;
				"CODE_SIGN_IDENTITY[sdk=iphoneos*]" = "iPhone Developer";
				COPY_PHASE_STRIP = NO;
				DEBUG_INFORMATION_FORMAT = "dwarf-with-dsym";
				ENABLE_NS_ASSERTIONS = NO;
				ENABLE_STRICT_OBJC_MSGSEND = YES;
				GCC_C_LANGUAGE_STANDARD = gnu99;
				GCC_NO_COMMON_BLOCKS = YES;
				GCC_WARN_64_TO_32_BIT_CONVERSION = YES;
				GCC_WARN_ABOUT_RETURN_TYPE = YES_ERROR;
				GCC_WARN_UNDECLARED_SELECTOR = YES;
				GCC_WARN_UNINITIALIZED_AUTOS = YES_AGGRESSIVE;
				GCC_WARN_UNUSED_FUNCTION = YES;
				GCC_WARN_UNUSED_VARIABLE = YES;
				IPHONEOS_DEPLOYMENT_TARGET = 10.0;
				MTL_ENABLE_DEBUG_INFO = NO;
				SDKROOT = iphoneos;
				SWIFT_OPTIMIZATION_LEVEL = "-Owholemodule";
				VALIDATE_PRODUCT = YES;
			};
			name = Release;
		};
		7355C6571DCB14CF00A5C990 /* Debug */ = {
			isa = XCBuildConfiguration;
			baseConfigurationReference = 99B894386D350C566FBF7A34 /* Pods-Aware.debug.xcconfig */;
			buildSettings = {
				ALWAYS_EMBED_SWIFT_STANDARD_LIBRARIES = YES;
				ASSETCATALOG_COMPILER_APPICON_NAME = AppIcon;
				"CODE_SIGN_IDENTITY[sdk=iphoneos*]" = "iPhone Distribution";
				DEVELOPMENT_TEAM = 6R94A6AQFR;
				GCC_PRECOMPILE_PREFIX_HEADER = YES;
				GCC_PREFIX_HEADER = "$(SRCROOT)/Aware/Utility/PrefixHeader.pch";
				INFOPLIST_FILE = Aware/Info.plist;
				IPHONEOS_DEPLOYMENT_TARGET = 8.0;
				LD_RUNPATH_SEARCH_PATHS = "$(inherited) @executable_path/Frameworks";
				PRODUCT_BUNDLE_IDENTIFIER = com.programmingcrew.awareshare;
				PRODUCT_NAME = "$(TARGET_NAME)";
				PROVISIONING_PROFILE = "71b8e514-0bab-4652-b052-bcab8066c2df";
				PROVISIONING_PROFILE_SPECIFIER = "Aware share app store profile";
				SWIFT_VERSION = 3.0;
			};
			name = Debug;
		};
		7355C6581DCB14CF00A5C990 /* Release */ = {
			isa = XCBuildConfiguration;
			baseConfigurationReference = DE6B22E993FBB318B864801B /* Pods-Aware.release.xcconfig */;
			buildSettings = {
				ALWAYS_EMBED_SWIFT_STANDARD_LIBRARIES = YES;
				ASSETCATALOG_COMPILER_APPICON_NAME = AppIcon;
				"CODE_SIGN_IDENTITY[sdk=iphoneos*]" = "iPhone Distribution";
				DEVELOPMENT_TEAM = 6R94A6AQFR;
				GCC_PRECOMPILE_PREFIX_HEADER = YES;
				GCC_PREFIX_HEADER = "$(SRCROOT)/Aware/Utility/PrefixHeader.pch";
				INFOPLIST_FILE = Aware/Info.plist;
				IPHONEOS_DEPLOYMENT_TARGET = 8.0;
				LD_RUNPATH_SEARCH_PATHS = "$(inherited) @executable_path/Frameworks";
				PRODUCT_BUNDLE_IDENTIFIER = com.programmingcrew.awareshare;
				PRODUCT_NAME = "$(TARGET_NAME)";
				PROVISIONING_PROFILE = "71b8e514-0bab-4652-b052-bcab8066c2df";
				PROVISIONING_PROFILE_SPECIFIER = "Aware share app store profile";
				SWIFT_VERSION = 3.0;
			};
			name = Release;
		};
/* End XCBuildConfiguration section */

/* Begin XCConfigurationList section */
		7355C63F1DCB14CE00A5C990 /* Build configuration list for PBXProject "Aware" */ = {
			isa = XCConfigurationList;
			buildConfigurations = (
				7355C6541DCB14CF00A5C990 /* Debug */,
				7355C6551DCB14CF00A5C990 /* Release */,
			);
			defaultConfigurationIsVisible = 0;
			defaultConfigurationName = Release;
		};
		7355C6561DCB14CF00A5C990 /* Build configuration list for PBXNativeTarget "Aware" */ = {
			isa = XCConfigurationList;
			buildConfigurations = (
				7355C6571DCB14CF00A5C990 /* Debug */,
				7355C6581DCB14CF00A5C990 /* Release */,
			);
			defaultConfigurationIsVisible = 0;
			defaultConfigurationName = Release;
		};
/* End XCConfigurationList section */
	};
	rootObject = 7355C63C1DCB14CE00A5C990 /* Project object */;
}
